
Microsoft Visual Studio Solution File, Format Version 12.00
# Visual Studio Version 17
VisualStudioVersion = 17.0.31903.59
MinimumVisualStudioVersion = 10.0.40219.1
Project("{FAE04EC0-301F-11D3-BF4B-00C04F79EFBC}") = "ExporterInterface", "ExporterInterface\ExporterInterface.csproj", "{FD96751D-68F0-4C23-BB48-2BCC80EDBF75}"
EndProject
Project("{FAE04EC0-301F-11D3-BF4B-00C04F79EFBC}") = "ExporterDomain", "ExporterDomain\ExporterDomain.csproj", "{924FB38D-78BA-487E-9B29-417BB003599D}"
EndProject
Project("{FAE04EC0-301F-11D3-BF4B-00C04F79EFBC}") = "JsonExporter", "JsonExporter\JsonExporter.csproj", "{B65E547F-880D-4054-AE28-4916DCAD1562}"
EndProject
Global
	GlobalSection(SolutionConfigurationPlatforms) = preSolution
		Debug|Any CPU = Debug|Any CPU
		Release|Any CPU = Release|Any CPU
	EndGlobalSection
	GlobalSection(SolutionProperties) = preSolution
		HideSolutionNode = FALSE
	EndGlobalSection
	GlobalSection(ProjectConfigurationPlatforms) = postSolution
		{FD96751D-68F0-4C23-BB48-2BCC80EDBF75}.Debug|Any CPU.ActiveCfg = Debug|Any CPU
		{FD96751D-68F0-4C23-BB48-2BCC80EDBF75}.Debug|Any CPU.Build.0 = Debug|Any CPU
		{FD96751D-68F0-4C23-BB48-2BCC80EDBF75}.Release|Any CPU.ActiveCfg = Release|Any CPU
		{FD96751D-68F0-4C23-BB48-2BCC80EDBF75}.Release|Any CPU.Build.0 = Release|Any CPU
		{924FB38D-78BA-487E-9B29-417BB003599D}.Debug|Any CPU.ActiveCfg = Debug|Any CPU
		{924FB38D-78BA-487E-9B29-417BB003599D}.Debug|Any CPU.Build.0 = Debug|Any CPU
		{924FB38D-78BA-487E-9B29-417BB003599D}.Release|Any CPU.ActiveCfg = Release|Any CPU
		{924FB38D-78BA-487E-9B29-417BB003599D}.Release|Any CPU.Build.0 = Release|Any CPU
		{B65E547F-880D-4054-AE28-4916DCAD1562}.Debug|Any CPU.ActiveCfg = Debug|Any CPU
		{B65E547F-880D-4054-AE28-4916DCAD1562}.Debug|Any CPU.Build.0 = Debug|Any CPU
		{B65E547F-880D-4054-AE28-4916DCAD1562}.Release|Any CPU.ActiveCfg = Release|Any CPU
		{B65E547F-880D-4054-AE28-4916DCAD1562}.Release|Any CPU.Build.0 = Release|Any CPU
	EndGlobalSection
EndGlobal
