
Microsoft Visual Studio Solution File, Format Version 12.00
# Visual Studio Version 16
VisualStudioVersion = 16.0.32901.82
MinimumVisualStudioVersion = 10.0.40219.1
Project("{9A19103F-16F7-4668-BE54-9A1E7A4F7556}") = "WebApi", "WebApi\WebApi.csproj", "{A456C3FC-388D-44C9-81BF-DB29386FB41D}"
EndProject
Project("{9A19103F-16F7-4668-BE54-9A1E7A4F7556}") = "Migrations", "Migrations\Migrations.csproj", "{9581D02B-6AA7-408B-A2C8-E315FD222253}"
EndProject
Project("{9A19103F-16F7-4668-BE54-9A1E7A4F7556}") = "IDataAccess", "IDataAccess\IDataAccess.csproj", "{6EABEC4E-C33F-41F5-B7BC-6D160C7CC61E}"
EndProject
Project("{9A19103F-16F7-4668-BE54-9A1E7A4F7556}") = "IBusinessLogic", "IBusinessLogic\IBusinessLogic.csproj", "{229C496B-3F68-46D2-B870-2664BE01A518}"
EndProject
Project("{9A19103F-16F7-4668-BE54-9A1E7A4F7556}") = "Factory", "Factory\Factory.csproj", "{0AF35F05-E329-4264-A22F-CD10C1C9F1A3}"
EndProject
Project("{9A19103F-16F7-4668-BE54-9A1E7A4F7556}") = "Exceptions", "Exceptions\Exceptions.csproj", "{449C02A3-782F-4DBB-84B5-432B2FA301E7}"
EndProject
Project("{9A19103F-16F7-4668-BE54-9A1E7A4F7556}") = "Domain", "Domain\Domain.csproj", "{F99DC53D-D837-4023-966A-F6A72AFDC2AA}"
EndProject
Project("{9A19103F-16F7-4668-BE54-9A1E7A4F7556}") = "DataAccess", "DataAccess\DataAccess.csproj", "{5E56372C-A872-4AE4-9292-994C39CF52C3}"
EndProject
Project("{9A19103F-16F7-4668-BE54-9A1E7A4F7556}") = "DataAccess.Test", "DataAccess.Test\DataAccess.Test.csproj", "{FCB601AC-C836-424F-8596-593592A50274}"
EndProject
Project("{9A19103F-16F7-4668-BE54-9A1E7A4F7556}") = "BusinessLogic.Test", "BusinessLogic.Test\BusinessLogic.Test.csproj", "{A513EDD5-C04D-4332-B569-3DE5DE21D0BA}"
EndProject
Project("{9A19103F-16F7-4668-BE54-9A1E7A4F7556}") = "WebApi.Test", "WebApi.Test\WebApi.Test.csproj", "{0C820452-D948-4A5B-A6C6-64D680754CBB}"
EndProject
Project("{9A19103F-16F7-4668-BE54-9A1E7A4F7556}") = "Domain.Test", "Domain.Test\Domain.Test.csproj", "{55E7B53A-861B-4ED3-B89B-8DC9A75297AB}"
EndProject
Project("{9A19103F-16F7-4668-BE54-9A1E7A4F7556}") = "BusinessLogic", "BusinessLogic\BusinessLogic.csproj", "{AC956C2D-BCB6-4DD9-975F-098E39135F79}"
EndProject
Project("{FAE04EC0-301F-11D3-BF4B-00C04F79EFBC}") = "AuthLogic", "AuthLogic\AuthLogic.csproj", "{B1E1AD49-9377-498A-B8F1-1C3D76B65C77}"
EndProject
Project("{FAE04EC0-301F-11D3-BF4B-00C04F79EFBC}") = "AuthLogic.Test", "AuthLogic.Test\AuthLogic.Test.csproj", "{E98FC9C9-9CD6-48D8-84EC-285E9AF723CF}"
EndProject
Project("{FAE04EC0-301F-11D3-BF4B-00C04F79EFBC}") = "WebApi.Filter", "WebApi.Filter\WebApi.Filter.csproj", "{073BDEA2-D77D-42DC-B7AC-E36BC309A4BB}"
EndProject
Project("{FAE04EC0-301F-11D3-BF4B-00C04F79EFBC}") = "WebApi.Filter.Test", "WebApi.Filter.Test\WebApi.Filter.Test.csproj", "{B8701B0B-7600-4A80-9045-181AB01C7E03}"
EndProject
Global
	GlobalSection(SolutionConfigurationPlatforms) = preSolution
		Debug|Any CPU = Debug|Any CPU
		Release|Any CPU = Release|Any CPU
	EndGlobalSection
	GlobalSection(ProjectConfigurationPlatforms) = postSolution
		{A456C3FC-388D-44C9-81BF-DB29386FB41D}.Debug|Any CPU.ActiveCfg = Debug|Any CPU
		{A456C3FC-388D-44C9-81BF-DB29386FB41D}.Debug|Any CPU.Build.0 = Debug|Any CPU
		{A456C3FC-388D-44C9-81BF-DB29386FB41D}.Release|Any CPU.ActiveCfg = Release|Any CPU
		{A456C3FC-388D-44C9-81BF-DB29386FB41D}.Release|Any CPU.Build.0 = Release|Any CPU
		{9581D02B-6AA7-408B-A2C8-E315FD222253}.Debug|Any CPU.ActiveCfg = Debug|Any CPU
		{9581D02B-6AA7-408B-A2C8-E315FD222253}.Debug|Any CPU.Build.0 = Debug|Any CPU
		{9581D02B-6AA7-408B-A2C8-E315FD222253}.Release|Any CPU.ActiveCfg = Release|Any CPU
		{9581D02B-6AA7-408B-A2C8-E315FD222253}.Release|Any CPU.Build.0 = Release|Any CPU
		{6EABEC4E-C33F-41F5-B7BC-6D160C7CC61E}.Debug|Any CPU.ActiveCfg = Debug|Any CPU
		{6EABEC4E-C33F-41F5-B7BC-6D160C7CC61E}.Debug|Any CPU.Build.0 = Debug|Any CPU
		{6EABEC4E-C33F-41F5-B7BC-6D160C7CC61E}.Release|Any CPU.ActiveCfg = Release|Any CPU
		{6EABEC4E-C33F-41F5-B7BC-6D160C7CC61E}.Release|Any CPU.Build.0 = Release|Any CPU
		{229C496B-3F68-46D2-B870-2664BE01A518}.Debug|Any CPU.ActiveCfg = Debug|Any CPU
		{229C496B-3F68-46D2-B870-2664BE01A518}.Debug|Any CPU.Build.0 = Debug|Any CPU
		{229C496B-3F68-46D2-B870-2664BE01A518}.Release|Any CPU.ActiveCfg = Release|Any CPU
		{229C496B-3F68-46D2-B870-2664BE01A518}.Release|Any CPU.Build.0 = Release|Any CPU
		{0AF35F05-E329-4264-A22F-CD10C1C9F1A3}.Debug|Any CPU.ActiveCfg = Debug|Any CPU
		{0AF35F05-E329-4264-A22F-CD10C1C9F1A3}.Debug|Any CPU.Build.0 = Debug|Any CPU
		{0AF35F05-E329-4264-A22F-CD10C1C9F1A3}.Release|Any CPU.ActiveCfg = Release|Any CPU
		{0AF35F05-E329-4264-A22F-CD10C1C9F1A3}.Release|Any CPU.Build.0 = Release|Any CPU
		{449C02A3-782F-4DBB-84B5-432B2FA301E7}.Debug|Any CPU.ActiveCfg = Debug|Any CPU
		{449C02A3-782F-4DBB-84B5-432B2FA301E7}.Debug|Any CPU.Build.0 = Debug|Any CPU
		{449C02A3-782F-4DBB-84B5-432B2FA301E7}.Release|Any CPU.ActiveCfg = Release|Any CPU
		{449C02A3-782F-4DBB-84B5-432B2FA301E7}.Release|Any CPU.Build.0 = Release|Any CPU
		{F99DC53D-D837-4023-966A-F6A72AFDC2AA}.Debug|Any CPU.ActiveCfg = Debug|Any CPU
		{F99DC53D-D837-4023-966A-F6A72AFDC2AA}.Debug|Any CPU.Build.0 = Debug|Any CPU
		{F99DC53D-D837-4023-966A-F6A72AFDC2AA}.Release|Any CPU.ActiveCfg = Release|Any CPU
		{F99DC53D-D837-4023-966A-F6A72AFDC2AA}.Release|Any CPU.Build.0 = Release|Any CPU
		{5E56372C-A872-4AE4-9292-994C39CF52C3}.Debug|Any CPU.ActiveCfg = Debug|Any CPU
		{5E56372C-A872-4AE4-9292-994C39CF52C3}.Debug|Any CPU.Build.0 = Debug|Any CPU
		{5E56372C-A872-4AE4-9292-994C39CF52C3}.Release|Any CPU.ActiveCfg = Release|Any CPU
		{5E56372C-A872-4AE4-9292-994C39CF52C3}.Release|Any CPU.Build.0 = Release|Any CPU
		{FCB601AC-C836-424F-8596-593592A50274}.Debug|Any CPU.ActiveCfg = Debug|Any CPU
		{FCB601AC-C836-424F-8596-593592A50274}.Debug|Any CPU.Build.0 = Debug|Any CPU
		{FCB601AC-C836-424F-8596-593592A50274}.Release|Any CPU.ActiveCfg = Release|Any CPU
		{FCB601AC-C836-424F-8596-593592A50274}.Release|Any CPU.Build.0 = Release|Any CPU
		{A513EDD5-C04D-4332-B569-3DE5DE21D0BA}.Debug|Any CPU.ActiveCfg = Debug|Any CPU
		{A513EDD5-C04D-4332-B569-3DE5DE21D0BA}.Debug|Any CPU.Build.0 = Debug|Any CPU
		{A513EDD5-C04D-4332-B569-3DE5DE21D0BA}.Release|Any CPU.ActiveCfg = Release|Any CPU
		{A513EDD5-C04D-4332-B569-3DE5DE21D0BA}.Release|Any CPU.Build.0 = Release|Any CPU
		{0C820452-D948-4A5B-A6C6-64D680754CBB}.Debug|Any CPU.ActiveCfg = Debug|Any CPU
		{0C820452-D948-4A5B-A6C6-64D680754CBB}.Debug|Any CPU.Build.0 = Debug|Any CPU
		{0C820452-D948-4A5B-A6C6-64D680754CBB}.Release|Any CPU.ActiveCfg = Release|Any CPU
		{0C820452-D948-4A5B-A6C6-64D680754CBB}.Release|Any CPU.Build.0 = Release|Any CPU
		{55E7B53A-861B-4ED3-B89B-8DC9A75297AB}.Debug|Any CPU.ActiveCfg = Debug|Any CPU
		{55E7B53A-861B-4ED3-B89B-8DC9A75297AB}.Debug|Any CPU.Build.0 = Debug|Any CPU
		{55E7B53A-861B-4ED3-B89B-8DC9A75297AB}.Release|Any CPU.ActiveCfg = Release|Any CPU
		{55E7B53A-861B-4ED3-B89B-8DC9A75297AB}.Release|Any CPU.Build.0 = Release|Any CPU
		{AC956C2D-BCB6-4DD9-975F-098E39135F79}.Debug|Any CPU.ActiveCfg = Debug|Any CPU
		{AC956C2D-BCB6-4DD9-975F-098E39135F79}.Debug|Any CPU.Build.0 = Debug|Any CPU
		{AC956C2D-BCB6-4DD9-975F-098E39135F79}.Release|Any CPU.ActiveCfg = Release|Any CPU
		{AC956C2D-BCB6-4DD9-975F-098E39135F79}.Release|Any CPU.Build.0 = Release|Any CPU
		{B1E1AD49-9377-498A-B8F1-1C3D76B65C77}.Debug|Any CPU.ActiveCfg = Debug|Any CPU
		{B1E1AD49-9377-498A-B8F1-1C3D76B65C77}.Debug|Any CPU.Build.0 = Debug|Any CPU
		{B1E1AD49-9377-498A-B8F1-1C3D76B65C77}.Release|Any CPU.ActiveCfg = Release|Any CPU
		{B1E1AD49-9377-498A-B8F1-1C3D76B65C77}.Release|Any CPU.Build.0 = Release|Any CPU
		{E98FC9C9-9CD6-48D8-84EC-285E9AF723CF}.Debug|Any CPU.ActiveCfg = Debug|Any CPU
		{E98FC9C9-9CD6-48D8-84EC-285E9AF723CF}.Debug|Any CPU.Build.0 = Debug|Any CPU
		{E98FC9C9-9CD6-48D8-84EC-285E9AF723CF}.Release|Any CPU.ActiveCfg = Release|Any CPU
		{E98FC9C9-9CD6-48D8-84EC-285E9AF723CF}.Release|Any CPU.Build.0 = Release|Any CPU
		{073BDEA2-D77D-42DC-B7AC-E36BC309A4BB}.Debug|Any CPU.ActiveCfg = Debug|Any CPU
		{073BDEA2-D77D-42DC-B7AC-E36BC309A4BB}.Debug|Any CPU.Build.0 = Debug|Any CPU
		{073BDEA2-D77D-42DC-B7AC-E36BC309A4BB}.Release|Any CPU.ActiveCfg = Release|Any CPU
		{073BDEA2-D77D-42DC-B7AC-E36BC309A4BB}.Release|Any CPU.Build.0 = Release|Any CPU
		{B8701B0B-7600-4A80-9045-181AB01C7E03}.Debug|Any CPU.ActiveCfg = Debug|Any CPU
		{B8701B0B-7600-4A80-9045-181AB01C7E03}.Debug|Any CPU.Build.0 = Debug|Any CPU
		{B8701B0B-7600-4A80-9045-181AB01C7E03}.Release|Any CPU.ActiveCfg = Release|Any CPU
		{B8701B0B-7600-4A80-9045-181AB01C7E03}.Release|Any CPU.Build.0 = Release|Any CPU
	EndGlobalSection
	GlobalSection(SolutionProperties) = preSolution
		HideSolutionNode = FALSE
	EndGlobalSection
	GlobalSection(ExtensibilityGlobals) = postSolution
		SolutionGuid = {D0A9C1BA-919B-41E8-87A5-051305142B40}
	EndGlobalSection
EndGlobal
